
Microsoft Visual Studio Solution File, Format Version 12.00
# Visual Studio 14
VisualStudioVersion = 14.0.25420.1
MinimumVisualStudioVersion = 10.0.40219.1
Project("{FAE04EC0-301F-11D3-BF4B-00C04F79EFBC}") = "MasterMission.Model", "MasterMission.Model\MasterMission.Model.csproj", "{5F715E6A-8D35-4946-9A66-5B1E101AD835}"
EndProject
Project("{FAE04EC0-301F-11D3-BF4B-00C04F79EFBC}") = "MasterMission.Data", "MasterMission.Data\MasterMission.Data.csproj", "{12941E64-51AE-407F-92A9-014CE5C123C2}"
EndProject
Project("{FAE04EC0-301F-11D3-BF4B-00C04F79EFBC}") = "MasterMission.Core", "MasterMission.Core\MasterMission.Core.csproj", "{9F09CD48-6BF2-4BC3-A9B7-9B15F54F7C0E}"
EndProject
Project("{FAE04EC0-301F-11D3-BF4B-00C04F79EFBC}") = "MasterMission.Website", "MasterMission.Website\MasterMission.Website.csproj", "{1272A0B0-CD79-4662-8074-679B79A9D9AF}"
EndProject
Global
	GlobalSection(SolutionConfigurationPlatforms) = preSolution
		Debug|Any CPU = Debug|Any CPU
		Release|Any CPU = Release|Any CPU
	EndGlobalSection
	GlobalSection(ProjectConfigurationPlatforms) = postSolution
		{5F715E6A-8D35-4946-9A66-5B1E101AD835}.Debug|Any CPU.ActiveCfg = Debug|Any CPU
		{5F715E6A-8D35-4946-9A66-5B1E101AD835}.Debug|Any CPU.Build.0 = Debug|Any CPU
		{5F715E6A-8D35-4946-9A66-5B1E101AD835}.Release|Any CPU.ActiveCfg = Release|Any CPU
		{5F715E6A-8D35-4946-9A66-5B1E101AD835}.Release|Any CPU.Build.0 = Release|Any CPU
		{12941E64-51AE-407F-92A9-014CE5C123C2}.Debug|Any CPU.ActiveCfg = Debug|Any CPU
		{12941E64-51AE-407F-92A9-014CE5C123C2}.Debug|Any CPU.Build.0 = Debug|Any CPU
		{12941E64-51AE-407F-92A9-014CE5C123C2}.Release|Any CPU.ActiveCfg = Release|Any CPU
		{12941E64-51AE-407F-92A9-014CE5C123C2}.Release|Any CPU.Build.0 = Release|Any CPU
		{9F09CD48-6BF2-4BC3-A9B7-9B15F54F7C0E}.Debug|Any CPU.ActiveCfg = Debug|Any CPU
		{9F09CD48-6BF2-4BC3-A9B7-9B15F54F7C0E}.Debug|Any CPU.Build.0 = Debug|Any CPU
		{9F09CD48-6BF2-4BC3-A9B7-9B15F54F7C0E}.Release|Any CPU.ActiveCfg = Release|Any CPU
		{9F09CD48-6BF2-4BC3-A9B7-9B15F54F7C0E}.Release|Any CPU.Build.0 = Release|Any CPU
		{1272A0B0-CD79-4662-8074-679B79A9D9AF}.Debug|Any CPU.ActiveCfg = Debug|Any CPU
		{1272A0B0-CD79-4662-8074-679B79A9D9AF}.Debug|Any CPU.Build.0 = Debug|Any CPU
		{1272A0B0-CD79-4662-8074-679B79A9D9AF}.Release|Any CPU.ActiveCfg = Release|Any CPU
		{1272A0B0-CD79-4662-8074-679B79A9D9AF}.Release|Any CPU.Build.0 = Release|Any CPU
	EndGlobalSection
	GlobalSection(SolutionProperties) = preSolution
		HideSolutionNode = FALSE
	EndGlobalSection
EndGlobal
